
Microsoft Visual Studio Solution File, Format Version 12.00
# Visual Studio 15
VisualStudioVersion = 15.0.28307.852
MinimumVisualStudioVersion = 10.0.40219.1
Project("{FAE04EC0-301F-11D3-BF4B-00C04F79EFBC}") = "Medidores", "Medidores\Medidores.csproj", "{00A71DA1-B0A7-4B09-898E-21D4BB41AF8C}"
EndProject
Global
	GlobalSection(SolutionConfigurationPlatforms) = preSolution
		Debug|Any CPU = Debug|Any CPU
		Release|Any CPU = Release|Any CPU
	EndGlobalSection
	GlobalSection(ProjectConfigurationPlatforms) = postSolution
		{00A71DA1-B0A7-4B09-898E-21D4BB41AF8C}.Debug|Any CPU.ActiveCfg = Debug|Any CPU
		{00A71DA1-B0A7-4B09-898E-21D4BB41AF8C}.Debug|Any CPU.Build.0 = Debug|Any CPU
		{00A71DA1-B0A7-4B09-898E-21D4BB41AF8C}.Release|Any CPU.ActiveCfg = Release|Any CPU
		{00A71DA1-B0A7-4B09-898E-21D4BB41AF8C}.Release|Any CPU.Build.0 = Release|Any CPU
	EndGlobalSection
	GlobalSection(SolutionProperties) = preSolution
		HideSolutionNode = FALSE
	EndGlobalSection
	GlobalSection(ExtensibilityGlobals) = postSolution
		SolutionGuid = {88CA049C-0F16-4F03-BB28-01C3A317D713}
	EndGlobalSection
EndGlobal
